
Microsoft Visual Studio Solution File, Format Version 12.00
# Visual Studio Version 17
VisualStudioVersion = 17.8.34330.188
MinimumVisualStudioVersion = 10.0.40219.1
Project("{FAE04EC0-301F-11D3-BF4B-00C04F79EFBC}") = "FastTrackContacts", "FastTrackContacts\FastTrackContacts.csproj", "{C6AE663F-1685-491D-9CC5-E586E73AB94C}"
EndProject
Global
	GlobalSection(SolutionConfigurationPlatforms) = preSolution
		Debug|Any CPU = Debug|Any CPU
		Release|Any CPU = Release|Any CPU
	EndGlobalSection
	GlobalSection(ProjectConfigurationPlatforms) = postSolution
		{C6AE663F-1685-491D-9CC5-E586E73AB94C}.Debug|Any CPU.ActiveCfg = Debug|Any CPU
		{C6AE663F-1685-491D-9CC5-E586E73AB94C}.Debug|Any CPU.Build.0 = Debug|Any CPU
		{C6AE663F-1685-491D-9CC5-E586E73AB94C}.Release|Any CPU.ActiveCfg = Release|Any CPU
		{C6AE663F-1685-491D-9CC5-E586E73AB94C}.Release|Any CPU.Build.0 = Release|Any CPU
	EndGlobalSection
	GlobalSection(SolutionProperties) = preSolution
		HideSolutionNode = FALSE
	EndGlobalSection
	GlobalSection(ExtensibilityGlobals) = postSolution
		SolutionGuid = {36EC687E-0184-4621-B553-35594D045FF9}
	EndGlobalSection
EndGlobal
